// !$*UTF8*$!
{
	archiveVersion = 1;
	classes = {
	};
	objectVersion = 48;
	objects = {

/* Begin PBXBuildFile section */
		6D0636091F9D693300D16DF5 /* ViewControllerPasos.swift in Sources */ = {isa = PBXBuildFile; fileRef = 6D0636081F9D693300D16DF5 /* ViewControllerPasos.swift */; };
		6DA2BC111F9BDA940069F24D /* TableViewController.swift in Sources */ = {isa = PBXBuildFile; fileRef = 6DA2BC101F9BDA940069F24D /* TableViewController.swift */; };
		6DD396131FBA1C65005D5378 /* ViewControllerCalculadora.swift in Sources */ = {isa = PBXBuildFile; fileRef = 6DD396121FBA1C65005D5378 /* ViewControllerCalculadora.swift */; };
		6DD396151FBBF548005D5378 /* ViewControllerConfig.swift in Sources */ = {isa = PBXBuildFile; fileRef = 6DD396141FBBF548005D5378 /* ViewControllerConfig.swift */; };
		941BDEFB1FBC0F3700EF6FCE /* ViewControllerTrigoN2.swift in Sources */ = {isa = PBXBuildFile; fileRef = 941BDEFA1FBC0F3700EF6FCE /* ViewControllerTrigoN2.swift */; };
		94270EA01FB0DC70006074F5 /* TabBarController.swift in Sources */ = {isa = PBXBuildFile; fileRef = 94270E9F1FB0DC70006074F5 /* TabBarController.swift */; };
		942B39211F9D1CEC0011A206 /* ViewControllerRevisar.swift in Sources */ = {isa = PBXBuildFile; fileRef = 942B39201F9D1CEC0011A206 /* ViewControllerRevisar.swift */; };
		9490B9F21F9913E500B1B795 /* AppDelegate.swift in Sources */ = {isa = PBXBuildFile; fileRef = 9490B9F11F9913E500B1B795 /* AppDelegate.swift */; };
		9490B9F41F9913E500B1B795 /* ViewController.swift in Sources */ = {isa = PBXBuildFile; fileRef = 9490B9F31F9913E500B1B795 /* ViewController.swift */; };
		9490B9F71F9913E500B1B795 /* Main.storyboard in Resources */ = {isa = PBXBuildFile; fileRef = 9490B9F51F9913E500B1B795 /* Main.storyboard */; };
		9490B9F91F9913E500B1B795 /* Assets.xcassets in Resources */ = {isa = PBXBuildFile; fileRef = 9490B9F81F9913E500B1B795 /* Assets.xcassets */; };
		9490B9FC1F9913E500B1B795 /* LaunchScreen.storyboard in Resources */ = {isa = PBXBuildFile; fileRef = 9490B9FA1F9913E500B1B795 /* LaunchScreen.storyboard */; };
		94B292221FBA1E1400A47DFC /* Property List.plist in Resources */ = {isa = PBXBuildFile; fileRef = 94B292211FBA1E1400A47DFC /* Property List.plist */; };
		94B292241FBA1F6000A47DFC /* TableViewCell.swift in Sources */ = {isa = PBXBuildFile; fileRef = 94B292231FBA1F6000A47DFC /* TableViewCell.swift */; };
		94B292261FBA338700A47DFC /* ViewControllerTrigoN1.swift in Sources */ = {isa = PBXBuildFile; fileRef = 94B292251FBA338700A47DFC /* ViewControllerTrigoN1.swift */; };
		94B292281FBA339500A47DFC /* ViewControllerPolyN1.swift in Sources */ = {isa = PBXBuildFile; fileRef = 94B292271FBA339500A47DFC /* ViewControllerPolyN1.swift */; };
		94E439F41F9D9BD200E794BA /* winSound.mp3 in Resources */ = {isa = PBXBuildFile; fileRef = 94E439F31F9D9BC300E794BA /* winSound.mp3 */; };
/* End PBXBuildFile section */

/* Begin PBXFileReference section */
		6D0636081F9D693300D16DF5 /* ViewControllerPasos.swift */ = {isa = PBXFileReference; lastKnownFileType = sourcecode.swift; path = ViewControllerPasos.swift; sourceTree = "<group>"; };
		6DA2BC101F9BDA940069F24D /* TableViewController.swift */ = {isa = PBXFileReference; lastKnownFileType = sourcecode.swift; path = TableViewController.swift; sourceTree = "<group>"; };
		6DD396121FBA1C65005D5378 /* ViewControllerCalculadora.swift */ = {isa = PBXFileReference; lastKnownFileType = sourcecode.swift; path = ViewControllerCalculadora.swift; sourceTree = "<group>"; };
		6DD396141FBBF548005D5378 /* ViewControllerConfig.swift */ = {isa = PBXFileReference; lastKnownFileType = sourcecode.swift; path = ViewControllerConfig.swift; sourceTree = "<group>"; };
		941BDEFA1FBC0F3700EF6FCE /* ViewControllerTrigoN2.swift */ = {isa = PBXFileReference; lastKnownFileType = sourcecode.swift; path = ViewControllerTrigoN2.swift; sourceTree = "<group>"; };
		94270E9F1FB0DC70006074F5 /* TabBarController.swift */ = {isa = PBXFileReference; lastKnownFileType = sourcecode.swift; path = TabBarController.swift; sourceTree = "<group>"; };
		942B39201F9D1CEC0011A206 /* ViewControllerRevisar.swift */ = {isa = PBXFileReference; lastKnownFileType = sourcecode.swift; path = ViewControllerRevisar.swift; sourceTree = "<group>"; };
		9490B9EE1F9913E500B1B795 /* EasyMath.app */ = {isa = PBXFileReference; explicitFileType = wrapper.application; includeInIndex = 0; path = EasyMath.app; sourceTree = BUILT_PRODUCTS_DIR; };
		9490B9F11F9913E500B1B795 /* AppDelegate.swift */ = {isa = PBXFileReference; lastKnownFileType = sourcecode.swift; path = AppDelegate.swift; sourceTree = "<group>"; };
		9490B9F31F9913E500B1B795 /* ViewController.swift */ = {isa = PBXFileReference; lastKnownFileType = sourcecode.swift; path = ViewController.swift; sourceTree = "<group>"; };
		9490B9F61F9913E500B1B795 /* Base */ = {isa = PBXFileReference; lastKnownFileType = file.storyboard; name = Base; path = Base.lproj/Main.storyboard; sourceTree = "<group>"; };
		9490B9F81F9913E500B1B795 /* Assets.xcassets */ = {isa = PBXFileReference; lastKnownFileType = folder.assetcatalog; path = Assets.xcassets; sourceTree = "<group>"; };
		9490B9FB1F9913E500B1B795 /* Base */ = {isa = PBXFileReference; lastKnownFileType = file.storyboard; name = Base; path = Base.lproj/LaunchScreen.storyboard; sourceTree = "<group>"; };
		9490B9FD1F9913E500B1B795 /* Info.plist */ = {isa = PBXFileReference; lastKnownFileType = text.plist.xml; path = Info.plist; sourceTree = "<group>"; };
		94B292211FBA1E1400A47DFC /* Property List.plist */ = {isa = PBXFileReference; lastKnownFileType = text.plist.xml; path = "Property List.plist"; sourceTree = "<group>"; };
		94B292231FBA1F6000A47DFC /* TableViewCell.swift */ = {isa = PBXFileReference; lastKnownFileType = sourcecode.swift; path = TableViewCell.swift; sourceTree = "<group>"; };
		94B292251FBA338700A47DFC /* ViewControllerTrigoN1.swift */ = {isa = PBXFileReference; lastKnownFileType = sourcecode.swift; path = ViewControllerTrigoN1.swift; sourceTree = "<group>"; };
		94B292271FBA339500A47DFC /* ViewControllerPolyN1.swift */ = {isa = PBXFileReference; lastKnownFileType = sourcecode.swift; path = ViewControllerPolyN1.swift; sourceTree = "<group>"; };
		94E439F31F9D9BC300E794BA /* winSound.mp3 */ = {isa = PBXFileReference; lastKnownFileType = audio.mp3; name = winSound.mp3; path = ../../../../../Downloads/winSound.mp3; sourceTree = "<group>"; };
/* End PBXFileReference section */

/* Begin PBXFrameworksBuildPhase section */
		9490B9EB1F9913E400B1B795 /* Frameworks */ = {
			isa = PBXFrameworksBuildPhase;
			buildActionMask = 2147483647;
			files = (
			);
			runOnlyForDeploymentPostprocessing = 0;
		};
/* End PBXFrameworksBuildPhase section */

/* Begin PBXGroup section */
		9490B9E51F9913E400B1B795 = {
			isa = PBXGroup;
			children = (
				9490B9F01F9913E500B1B795 /* EasyMath */,
				9490B9EF1F9913E500B1B795 /* Products */,
			);
			sourceTree = "<group>";
		};
		9490B9EF1F9913E500B1B795 /* Products */ = {
			isa = PBXGroup;
			children = (
				9490B9EE1F9913E500B1B795 /* EasyMath.app */,
			);
			name = Products;
			sourceTree = "<group>";
		};
		9490B9F01F9913E500B1B795 /* EasyMath */ = {
			isa = PBXGroup;
			children = (
				941BDEFA1FBC0F3700EF6FCE /* ViewControllerTrigoN2.swift */,
				9490B9F11F9913E500B1B795 /* AppDelegate.swift */,
				9490B9F31F9913E500B1B795 /* ViewController.swift */,
				942B39201F9D1CEC0011A206 /* ViewControllerRevisar.swift */,
				9490B9F51F9913E500B1B795 /* Main.storyboard */,
				6DD396141FBBF548005D5378 /* ViewControllerConfig.swift */,
				94B292251FBA338700A47DFC /* ViewControllerTrigoN1.swift */,
				94B292271FBA339500A47DFC /* ViewControllerPolyN1.swift */,
				6DD396121FBA1C65005D5378 /* ViewControllerCalculadora.swift */,
				94270E9F1FB0DC70006074F5 /* TabBarController.swift */,
				6D0636081F9D693300D16DF5 /* ViewControllerPasos.swift */,
				6DA2BC101F9BDA940069F24D /* TableViewController.swift */,
				94B292231FBA1F6000A47DFC /* TableViewCell.swift */,
				94B292211FBA1E1400A47DFC /* Property List.plist */,
				9490B9F81F9913E500B1B795 /* Assets.xcassets */,
				9490B9FA1F9913E500B1B795 /* LaunchScreen.storyboard */,
				9490B9FD1F9913E500B1B795 /* Info.plist */,
				94E439F31F9D9BC300E794BA /* winSound.mp3 */,
			);
			path = EasyMath;
			sourceTree = "<group>";
		};
/* End PBXGroup section */

/* Begin PBXNativeTarget section */
		9490B9ED1F9913E400B1B795 /* EasyMath */ = {
			isa = PBXNativeTarget;
			buildConfigurationList = 9490BA001F9913E500B1B795 /* Build configuration list for PBXNativeTarget "EasyMath" */;
			buildPhases = (
				9490B9EA1F9913E400B1B795 /* Sources */,
				9490B9EB1F9913E400B1B795 /* Frameworks */,
				9490B9EC1F9913E400B1B795 /* Resources */,
			);
			buildRules = (
			);
			dependencies = (
			);
			name = EasyMath;
			productName = EasyMath;
			productReference = 9490B9EE1F9913E500B1B795 /* EasyMath.app */;
			productType = "com.apple.product-type.application";
		};
/* End PBXNativeTarget section */

/* Begin PBXProject section */
		9490B9E61F9913E400B1B795 /* Project object */ = {
			isa = PBXProject;
			attributes = {
				LastSwiftUpdateCheck = 0900;
				LastUpgradeCheck = 0900;
				ORGANIZATIONNAME = "Federico Miguel Huguet Mack";
				TargetAttributes = {
					9490B9ED1F9913E400B1B795 = {
						CreatedOnToolsVersion = 9.0;
						ProvisioningStyle = Automatic;
					};
				};
			};
			buildConfigurationList = 9490B9E91F9913E400B1B795 /* Build configuration list for PBXProject "EasyMath" */;
			compatibilityVersion = "Xcode 8.0";
			developmentRegion = en;
			hasScannedForEncodings = 0;
			knownRegions = (
				en,
				Base,
			);
			mainGroup = 9490B9E51F9913E400B1B795;
			productRefGroup = 9490B9EF1F9913E500B1B795 /* Products */;
			projectDirPath = "";
			projectRoot = "";
			targets = (
				9490B9ED1F9913E400B1B795 /* EasyMath */,
			);
		};
/* End PBXProject section */

/* Begin PBXResourcesBuildPhase section */
		9490B9EC1F9913E400B1B795 /* Resources */ = {
			isa = PBXResourcesBuildPhase;
			buildActionMask = 2147483647;
			files = (
				94E439F41F9D9BD200E794BA /* winSound.mp3 in Resources */,
				9490B9FC1F9913E500B1B795 /* LaunchScreen.storyboard in Resources */,
				9490B9F91F9913E500B1B795 /* Assets.xcassets in Resources */,
				94B292221FBA1E1400A47DFC /* Property List.plist in Resources */,
				9490B9F71F9913E500B1B795 /* Main.storyboard in Resources */,
			);
			runOnlyForDeploymentPostprocessing = 0;
		};
/* End PBXResourcesBuildPhase section */

/* Begin PBXSourcesBuildPhase section */
		9490B9EA1F9913E400B1B795 /* Sources */ = {
			isa = PBXSourcesBuildPhase;
			buildActionMask = 2147483647;
			files = (
				9490B9F41F9913E500B1B795 /* ViewController.swift in Sources */,
				6DD396151FBBF548005D5378 /* ViewControllerConfig.swift in Sources */,
				942B39211F9D1CEC0011A206 /* ViewControllerRevisar.swift in Sources */,
				6DA2BC111F9BDA940069F24D /* TableViewController.swift in Sources */,
				94270EA01FB0DC70006074F5 /* TabBarController.swift in Sources */,
				6D0636091F9D693300D16DF5 /* ViewControllerPasos.swift in Sources */,
				941BDEFB1FBC0F3700EF6FCE /* ViewControllerTrigoN2.swift in Sources */,
				94B292261FBA338700A47DFC /* ViewControllerTrigoN1.swift in Sources */,
				94B292241FBA1F6000A47DFC /* TableViewCell.swift in Sources */,
				94B292281FBA339500A47DFC /* ViewControllerPolyN1.swift in Sources */,
				9490B9F21F9913E500B1B795 /* AppDelegate.swift in Sources */,
				6DD396131FBA1C65005D5378 /* ViewControllerCalculadora.swift in Sources */,
			);
			runOnlyForDeploymentPostprocessing = 0;
		};
/* End PBXSourcesBuildPhase section */

/* Begin PBXVariantGroup section */
		9490B9F51F9913E500B1B795 /* Main.storyboard */ = {
			isa = PBXVariantGroup;
			children = (
				9490B9F61F9913E500B1B795 /* Base */,
			);
			name = Main.storyboard;
			sourceTree = "<group>";
		};
		9490B9FA1F9913E500B1B795 /* LaunchScreen.storyboard */ = {
			isa = PBXVariantGroup;
			children = (
				9490B9FB1F9913E500B1B795 /* Base */,
			);
			name = LaunchScreen.storyboard;
			sourceTree = "<group>";
		};
/* End PBXVariantGroup section */

/* Begin XCBuildConfiguration section */
		9490B9FE1F9913E500B1B795 /* Debug */ = {
			isa = XCBuildConfiguration;
			buildSettings = {
				ALWAYS_SEARCH_USER_PATHS = NO;
				CLANG_ANALYZER_NONNULL = YES;
				CLANG_ANALYZER_NUMBER_OBJECT_CONVERSION = YES_AGGRESSIVE;
				CLANG_CXX_LANGUAGE_STANDARD = "gnu++14";
				CLANG_CXX_LIBRARY = "libc++";
				CLANG_ENABLE_MODULES = YES;
				CLANG_ENABLE_OBJC_ARC = YES;
				CLANG_WARN_BLOCK_CAPTURE_AUTORELEASING = YES;
				CLANG_WARN_BOOL_CONVERSION = YES;
				CLANG_WARN_COMMA = YES;
				CLANG_WARN_CONSTANT_CONVERSION = YES;
				CLANG_WARN_DIRECT_OBJC_ISA_USAGE = YES_ERROR;
				CLANG_WARN_DOCUMENTATION_COMMENTS = YES;
				CLANG_WARN_EMPTY_BODY = YES;
				CLANG_WARN_ENUM_CONVERSION = YES;
				CLANG_WARN_INFINITE_RECURSION = YES;
				CLANG_WARN_INT_CONVERSION = YES;
				CLANG_WARN_NON_LITERAL_NULL_CONVERSION = YES;
				CLANG_WARN_OBJC_LITERAL_CONVERSION = YES;
				CLANG_WARN_OBJC_ROOT_CLASS = YES_ERROR;
				CLANG_WARN_RANGE_LOOP_ANALYSIS = YES;
				CLANG_WARN_STRICT_PROTOTYPES = YES;
				CLANG_WARN_SUSPICIOUS_MOVE = YES;
				CLANG_WARN_UNGUARDED_AVAILABILITY = YES_AGGRESSIVE;
				CLANG_WARN_UNREACHABLE_CODE = YES;
				CLANG_WARN__DUPLICATE_METHOD_MATCH = YES;
				CODE_SIGN_IDENTITY = "iPhone Developer";
				COPY_PHASE_STRIP = NO;
				DEBUG_INFORMATION_FORMAT = dwarf;
				ENABLE_STRICT_OBJC_MSGSEND = YES;
				ENABLE_TESTABILITY = YES;
				GCC_C_LANGUAGE_STANDARD = gnu11;
				GCC_DYNAMIC_NO_PIC = NO;
				GCC_NO_COMMON_BLOCKS = YES;
				GCC_OPTIMIZATION_LEVEL = 0;
				GCC_PREPROCESSOR_DEFINITIONS = (
					"DEBUG=1",
					"$(inherited)",
				);
				GCC_WARN_64_TO_32_BIT_CONVERSION = YES;
				GCC_WARN_ABOUT_RETURN_TYPE = YES_ERROR;
				GCC_WARN_UNDECLARED_SELECTOR = YES;
				GCC_WARN_UNINITIALIZED_AUTOS = YES_AGGRESSIVE;
				GCC_WARN_UNUSED_FUNCTION = YES;
				GCC_WARN_UNUSED_VARIABLE = YES;
				IPHONEOS_DEPLOYMENT_TARGET = 11.0;
				MTL_ENABLE_DEBUG_INFO = YES;
				ONLY_ACTIVE_ARCH = YES;
				SDKROOT = iphoneos;
				SWIFT_ACTIVE_COMPILATION_CONDITIONS = DEBUG;
				SWIFT_OPTIMIZATION_LEVEL = "-Onone";
			};
			name = Debug;
		};
		9490B9FF1F9913E500B1B795 /* Release */ = {
			isa = XCBuildConfiguration;
			buildSettings = {
				ALWAYS_SEARCH_USER_PATHS = NO;
				CLANG_ANALYZER_NONNULL = YES;
				CLANG_ANALYZER_NUMBER_OBJECT_CONVERSION = YES_AGGRESSIVE;
				CLANG_CXX_LANGUAGE_STANDARD = "gnu++14";
				CLANG_CXX_LIBRARY = "libc++";
				CLANG_ENABLE_MODULES = YES;
				CLANG_ENABLE_OBJC_ARC = YES;
				CLANG_WARN_BLOCK_CAPTURE_AUTORELEASING = YES;
				CLANG_WARN_BOOL_CONVERSION = YES;
				CLANG_WARN_COMMA = YES;
				CLANG_WARN_CONSTANT_CONVERSION = YES;
				CLANG_WARN_DIRECT_OBJC_ISA_USAGE = YES_ERROR;
				CLANG_WARN_DOCUMENTATION_COMMENTS = YES;
				CLANG_WARN_EMPTY_BODY = YES;
				CLANG_WARN_ENUM_CONVERSION = YES;
				CLANG_WARN_INFINITE_RECURSION = YES;
				CLANG_WARN_INT_CONVERSION = YES;
				CLANG_WARN_NON_LITERAL_NULL_CONVERSION = YES;
				CLANG_WARN_OBJC_LITERAL_CONVERSION = YES;
				CLANG_WARN_OBJC_ROOT_CLASS = YES_ERROR;
				CLANG_WARN_RANGE_LOOP_ANALYSIS = YES;
				CLANG_WARN_STRICT_PROTOTYPES = YES;
				CLANG_WARN_SUSPICIOUS_MOVE = YES;
				CLANG_WARN_UNGUARDED_AVAILABILITY = YES_AGGRESSIVE;
				CLANG_WARN_UNREACHABLE_CODE = YES;
				CLANG_WARN__DUPLICATE_METHOD_MATCH = YES;
				CODE_SIGN_IDENTITY = "iPhone Developer";
				COPY_PHASE_STRIP = NO;
				DEBUG_INFORMATION_FORMAT = "dwarf-with-dsym";
				ENABLE_NS_ASSERTIONS = NO;
				ENABLE_STRICT_OBJC_MSGSEND = YES;
				GCC_C_LANGUAGE_STANDARD = gnu11;
				GCC_NO_COMMON_BLOCKS = YES;
				GCC_WARN_64_TO_32_BIT_CONVERSION = YES;
				GCC_WARN_ABOUT_RETURN_TYPE = YES_ERROR;
				GCC_WARN_UNDECLARED_SELECTOR = YES;
				GCC_WARN_UNINITIALIZED_AUTOS = YES_AGGRESSIVE;
				GCC_WARN_UNUSED_FUNCTION = YES;
				GCC_WARN_UNUSED_VARIABLE = YES;
				IPHONEOS_DEPLOYMENT_TARGET = 11.0;
				MTL_ENABLE_DEBUG_INFO = NO;
				SDKROOT = iphoneos;
				SWIFT_OPTIMIZATION_LEVEL = "-Owholemodule";
				VALIDATE_PRODUCT = YES;
			};
			name = Release;
		};
		9490BA011F9913E500B1B795 /* Debug */ = {
			isa = XCBuildConfiguration;
			buildSettings = {
				ASSETCATALOG_COMPILER_APPICON_NAME = AppIcon;
				CODE_SIGN_STYLE = Automatic;
				INFOPLIST_FILE = EasyMath/Info.plist;
				LD_RUNPATH_SEARCH_PATHS = "$(inherited) @executable_path/Frameworks";
				PRODUCT_BUNDLE_IDENTIFIER = tec.EasyMath;
				PRODUCT_NAME = "$(TARGET_NAME)";
				SWIFT_VERSION = 4.0;
				TARGETED_DEVICE_FAMILY = "1,2";
			};
			name = Debug;
		};
		9490BA021F9913E500B1B795 /* Release */ = {
			isa = XCBuildConfiguration;
			buildSettings = {
				ASSETCATALOG_COMPILER_APPICON_NAME = AppIcon;
				CODE_SIGN_STYLE = Automatic;
				INFOPLIST_FILE = EasyMath/Info.plist;
				LD_RUNPATH_SEARCH_PATHS = "$(inherited) @executable_path/Frameworks";
				PRODUCT_BUNDLE_IDENTIFIER = tec.EasyMath;
				PRODUCT_NAME = "$(TARGET_NAME)";
				SWIFT_VERSION = 4.0;
				TARGETED_DEVICE_FAMILY = "1,2";
			};
			name = Release;
		};
/* End XCBuildConfiguration section */

/* Begin XCConfigurationList section */
		9490B9E91F9913E400B1B795 /* Build configuration list for PBXProject "EasyMath" */ = {
			isa = XCConfigurationList;
			buildConfigurations = (
				9490B9FE1F9913E500B1B795 /* Debug */,
				9490B9FF1F9913E500B1B795 /* Release */,
			);
			defaultConfigurationIsVisible = 0;
			defaultConfigurationName = Release;
		};
		9490BA001F9913E500B1B795 /* Build configuration list for PBXNativeTarget "EasyMath" */ = {
			isa = XCConfigurationList;
			buildConfigurations = (
				9490BA011F9913E500B1B795 /* Debug */,
				9490BA021F9913E500B1B795 /* Release */,
			);
			defaultConfigurationIsVisible = 0;
			defaultConfigurationName = Release;
		};
/* End XCConfigurationList section */
	};
	rootObject = 9490B9E61F9913E400B1B795 /* Project object */;
}
